
Microsoft Visual Studio Solution File, Format Version 11.00
# Visual Studio 2010
Project("{FAE04EC0-301F-11D3-BF4B-00C04F79EFBC}") = "RazorEngine.Core", "RazorEngine.Core\RazorEngine.Core.csproj", "{5BCCBCC3-F383-448E-860F-DCA11AFFC74F}"
EndProject
Project("{2150E333-8FDC-42A3-9474-1A3956D46DE8}") = "Libraries", "Libraries", "{0459640F-98D7-4D50-A3FF-ED4C68840137}"
	ProjectSection(SolutionItems) = preProject
		Libraries\System.Web.Razor.dll = Libraries\System.Web.Razor.dll
	EndProjectSection
EndProject
Project("{FAE04EC0-301F-11D3-BF4B-00C04F79EFBC}") = "RazorEngine.Templates", "RazorEngine.Templates\RazorEngine.Templates.csproj", "{627E40EE-0A5E-4787-B92F-57B74A683E2D}"
EndProject
Project("{2150E333-8FDC-42A3-9474-1A3956D46DE8}") = "Shared", "Shared", "{8398A9F0-3CA1-4598-8122-1457F30F7CA0}"
	ProjectSection(SolutionItems) = preProject
		Credits.txt = Credits.txt
		License.txt = License.txt
		RazorEngine.snk = RazorEngine.snk
	EndProjectSection
EndProject
Project("{FAE04EC0-301F-11D3-BF4B-00C04F79EFBC}") = "GenerateViewCode", "GenerateViewCode\GenerateViewCode.csproj", "{3ECFD7D5-D7AF-4756-A3F6-057FF7838FB7}"
EndProject
Project("{FAE04EC0-301F-11D3-BF4B-00C04F79EFBC}") = "RazorEngine.Run", "RazorEngine.Run\RazorEngine.Run.csproj", "{32517381-AC00-4D40-820A-D59B7F0A7985}"
EndProject
Project("{FAE04EC0-301F-11D3-BF4B-00C04F79EFBC}") = "TestViewLibrary", "TestViewLibrary\TestViewLibrary.csproj", "{ADBDBA8E-60B0-430D-9F16-212DE45DF030}"
EndProject
Project("{FAE04EC0-301F-11D3-BF4B-00C04F79EFBC}") = "GenerateViewCodeWithMvc", "GenerateViewCodeWithMvc\GenerateViewCodeWithMvc.csproj", "{A46364B5-DB5F-40A3-A666-5B03EEB19EE7}"
EndProject
Project("{FAE04EC0-301F-11D3-BF4B-00C04F79EFBC}") = "CompiledViews.Mvc", "CompiledViews.Mvc\CompiledViews.Mvc.csproj", "{2D3B3CBA-F099-4260-918A-38CD712C7732}"
EndProject
Project("{FAE04EC0-301F-11D3-BF4B-00C04F79EFBC}") = "CompiledViews.SharePoint", "CompiledViews.SharePoint\CompiledViews.SharePoint.csproj", "{9348642A-0FB1-4959-A07D-AB5AAA9CAE05}"
EndProject
Project("{FAE04EC0-301F-11D3-BF4B-00C04F79EFBC}") = "CompiledViews.Mvc3Test", "CompiledViews.Mvc3Test\CompiledViews.Mvc3Test.csproj", "{A406C80E-FE44-4EB7-AEF3-CBCF15B02B46}"
EndProject
Project("{FAE04EC0-301F-11D3-BF4B-00C04F79EFBC}") = "ViewCodeSingleFileGenerator", "ViewCodeFileGenerator\ViewCodeSingleFileGenerator.csproj", "{C63476C7-2B33-4AD5-8896-A0BA86F16FC5}"
EndProject
Global
	GlobalSection(SolutionConfigurationPlatforms) = preSolution
		Debug|Any CPU = Debug|Any CPU
		Debug|Mixed Platforms = Debug|Mixed Platforms
		Debug|x86 = Debug|x86
		Release|Any CPU = Release|Any CPU
		Release|Mixed Platforms = Release|Mixed Platforms
		Release|x86 = Release|x86
	EndGlobalSection
	GlobalSection(ProjectConfigurationPlatforms) = postSolution
		{5BCCBCC3-F383-448E-860F-DCA11AFFC74F}.Debug|Any CPU.ActiveCfg = Debug|Any CPU
		{5BCCBCC3-F383-448E-860F-DCA11AFFC74F}.Debug|Any CPU.Build.0 = Debug|Any CPU
		{5BCCBCC3-F383-448E-860F-DCA11AFFC74F}.Debug|Mixed Platforms.ActiveCfg = Debug|Any CPU
		{5BCCBCC3-F383-448E-860F-DCA11AFFC74F}.Debug|Mixed Platforms.Build.0 = Debug|Any CPU
		{5BCCBCC3-F383-448E-860F-DCA11AFFC74F}.Debug|x86.ActiveCfg = Debug|Any CPU
		{5BCCBCC3-F383-448E-860F-DCA11AFFC74F}.Release|Any CPU.ActiveCfg = Release|Any CPU
		{5BCCBCC3-F383-448E-860F-DCA11AFFC74F}.Release|Any CPU.Build.0 = Release|Any CPU
		{5BCCBCC3-F383-448E-860F-DCA11AFFC74F}.Release|Mixed Platforms.ActiveCfg = Release|Any CPU
		{5BCCBCC3-F383-448E-860F-DCA11AFFC74F}.Release|Mixed Platforms.Build.0 = Release|Any CPU
		{5BCCBCC3-F383-448E-860F-DCA11AFFC74F}.Release|x86.ActiveCfg = Release|Any CPU
		{627E40EE-0A5E-4787-B92F-57B74A683E2D}.Debug|Any CPU.ActiveCfg = Debug|Any CPU
		{627E40EE-0A5E-4787-B92F-57B74A683E2D}.Debug|Any CPU.Build.0 = Debug|Any CPU
		{627E40EE-0A5E-4787-B92F-57B74A683E2D}.Debug|Mixed Platforms.ActiveCfg = Debug|Any CPU
		{627E40EE-0A5E-4787-B92F-57B74A683E2D}.Debug|Mixed Platforms.Build.0 = Debug|Any CPU
		{627E40EE-0A5E-4787-B92F-57B74A683E2D}.Debug|x86.ActiveCfg = Debug|Any CPU
		{627E40EE-0A5E-4787-B92F-57B74A683E2D}.Release|Any CPU.ActiveCfg = Release|Any CPU
		{627E40EE-0A5E-4787-B92F-57B74A683E2D}.Release|Any CPU.Build.0 = Release|Any CPU
		{627E40EE-0A5E-4787-B92F-57B74A683E2D}.Release|Mixed Platforms.ActiveCfg = Release|Any CPU
		{627E40EE-0A5E-4787-B92F-57B74A683E2D}.Release|Mixed Platforms.Build.0 = Release|Any CPU
		{627E40EE-0A5E-4787-B92F-57B74A683E2D}.Release|x86.ActiveCfg = Release|Any CPU
		{3ECFD7D5-D7AF-4756-A3F6-057FF7838FB7}.Debug|Any CPU.ActiveCfg = Debug|x86
		{3ECFD7D5-D7AF-4756-A3F6-057FF7838FB7}.Debug|Mixed Platforms.ActiveCfg = Debug|x86
		{3ECFD7D5-D7AF-4756-A3F6-057FF7838FB7}.Debug|Mixed Platforms.Build.0 = Debug|x86
		{3ECFD7D5-D7AF-4756-A3F6-057FF7838FB7}.Debug|x86.ActiveCfg = Debug|x86
		{3ECFD7D5-D7AF-4756-A3F6-057FF7838FB7}.Debug|x86.Build.0 = Debug|x86
		{3ECFD7D5-D7AF-4756-A3F6-057FF7838FB7}.Release|Any CPU.ActiveCfg = Release|x86
		{3ECFD7D5-D7AF-4756-A3F6-057FF7838FB7}.Release|Mixed Platforms.ActiveCfg = Release|x86
		{3ECFD7D5-D7AF-4756-A3F6-057FF7838FB7}.Release|Mixed Platforms.Build.0 = Release|x86
		{3ECFD7D5-D7AF-4756-A3F6-057FF7838FB7}.Release|x86.ActiveCfg = Release|x86
		{3ECFD7D5-D7AF-4756-A3F6-057FF7838FB7}.Release|x86.Build.0 = Release|x86
		{32517381-AC00-4D40-820A-D59B7F0A7985}.Debug|Any CPU.ActiveCfg = Debug|Any CPU
		{32517381-AC00-4D40-820A-D59B7F0A7985}.Debug|Any CPU.Build.0 = Debug|Any CPU
		{32517381-AC00-4D40-820A-D59B7F0A7985}.Debug|Mixed Platforms.ActiveCfg = Debug|Any CPU
		{32517381-AC00-4D40-820A-D59B7F0A7985}.Debug|Mixed Platforms.Build.0 = Debug|Any CPU
		{32517381-AC00-4D40-820A-D59B7F0A7985}.Debug|x86.ActiveCfg = Debug|Any CPU
		{32517381-AC00-4D40-820A-D59B7F0A7985}.Release|Any CPU.ActiveCfg = Release|Any CPU
		{32517381-AC00-4D40-820A-D59B7F0A7985}.Release|Any CPU.Build.0 = Release|Any CPU
		{32517381-AC00-4D40-820A-D59B7F0A7985}.Release|Mixed Platforms.ActiveCfg = Release|Any CPU
		{32517381-AC00-4D40-820A-D59B7F0A7985}.Release|Mixed Platforms.Build.0 = Release|Any CPU
		{32517381-AC00-4D40-820A-D59B7F0A7985}.Release|x86.ActiveCfg = Release|Any CPU
		{ADBDBA8E-60B0-430D-9F16-212DE45DF030}.Debug|Any CPU.ActiveCfg = Debug|Any CPU
		{ADBDBA8E-60B0-430D-9F16-212DE45DF030}.Debug|Any CPU.Build.0 = Debug|Any CPU
		{ADBDBA8E-60B0-430D-9F16-212DE45DF030}.Debug|Mixed Platforms.ActiveCfg = Debug|Any CPU
		{ADBDBA8E-60B0-430D-9F16-212DE45DF030}.Debug|Mixed Platforms.Build.0 = Debug|Any CPU
		{ADBDBA8E-60B0-430D-9F16-212DE45DF030}.Debug|x86.ActiveCfg = Debug|Any CPU
		{ADBDBA8E-60B0-430D-9F16-212DE45DF030}.Release|Any CPU.ActiveCfg = Release|Any CPU
		{ADBDBA8E-60B0-430D-9F16-212DE45DF030}.Release|Any CPU.Build.0 = Release|Any CPU
		{ADBDBA8E-60B0-430D-9F16-212DE45DF030}.Release|Mixed Platforms.ActiveCfg = Release|Any CPU
		{ADBDBA8E-60B0-430D-9F16-212DE45DF030}.Release|Mixed Platforms.Build.0 = Release|Any CPU
		{ADBDBA8E-60B0-430D-9F16-212DE45DF030}.Release|x86.ActiveCfg = Release|Any CPU
		{A46364B5-DB5F-40A3-A666-5B03EEB19EE7}.Debug|Any CPU.ActiveCfg = Debug|x86
		{A46364B5-DB5F-40A3-A666-5B03EEB19EE7}.Debug|Mixed Platforms.ActiveCfg = Debug|x86
		{A46364B5-DB5F-40A3-A666-5B03EEB19EE7}.Debug|Mixed Platforms.Build.0 = Debug|x86
		{A46364B5-DB5F-40A3-A666-5B03EEB19EE7}.Debug|x86.ActiveCfg = Debug|x86
		{A46364B5-DB5F-40A3-A666-5B03EEB19EE7}.Debug|x86.Build.0 = Debug|x86
		{A46364B5-DB5F-40A3-A666-5B03EEB19EE7}.Release|Any CPU.ActiveCfg = Release|x86
		{A46364B5-DB5F-40A3-A666-5B03EEB19EE7}.Release|Mixed Platforms.ActiveCfg = Release|x86
		{A46364B5-DB5F-40A3-A666-5B03EEB19EE7}.Release|Mixed Platforms.Build.0 = Release|x86
		{A46364B5-DB5F-40A3-A666-5B03EEB19EE7}.Release|x86.ActiveCfg = Release|x86
		{A46364B5-DB5F-40A3-A666-5B03EEB19EE7}.Release|x86.Build.0 = Release|x86
		{2D3B3CBA-F099-4260-918A-38CD712C7732}.Debug|Any CPU.ActiveCfg = Debug|Any CPU
		{2D3B3CBA-F099-4260-918A-38CD712C7732}.Debug|Any CPU.Build.0 = Debug|Any CPU
		{2D3B3CBA-F099-4260-918A-38CD712C7732}.Debug|Mixed Platforms.ActiveCfg = Debug|Any CPU
		{2D3B3CBA-F099-4260-918A-38CD712C7732}.Debug|Mixed Platforms.Build.0 = Debug|Any CPU
		{2D3B3CBA-F099-4260-918A-38CD712C7732}.Debug|x86.ActiveCfg = Debug|Any CPU
		{2D3B3CBA-F099-4260-918A-38CD712C7732}.Release|Any CPU.ActiveCfg = Release|Any CPU
		{2D3B3CBA-F099-4260-918A-38CD712C7732}.Release|Any CPU.Build.0 = Release|Any CPU
		{2D3B3CBA-F099-4260-918A-38CD712C7732}.Release|Mixed Platforms.ActiveCfg = Release|Any CPU
		{2D3B3CBA-F099-4260-918A-38CD712C7732}.Release|Mixed Platforms.Build.0 = Release|Any CPU
		{2D3B3CBA-F099-4260-918A-38CD712C7732}.Release|x86.ActiveCfg = Release|Any CPU
		{9348642A-0FB1-4959-A07D-AB5AAA9CAE05}.Debug|Any CPU.ActiveCfg = Debug|Any CPU
		{9348642A-0FB1-4959-A07D-AB5AAA9CAE05}.Debug|Any CPU.Build.0 = Debug|Any CPU
		{9348642A-0FB1-4959-A07D-AB5AAA9CAE05}.Debug|Mixed Platforms.ActiveCfg = Debug|Any CPU
		{9348642A-0FB1-4959-A07D-AB5AAA9CAE05}.Debug|Mixed Platforms.Build.0 = Debug|Any CPU
		{9348642A-0FB1-4959-A07D-AB5AAA9CAE05}.Debug|x86.ActiveCfg = Debug|Any CPU
		{9348642A-0FB1-4959-A07D-AB5AAA9CAE05}.Release|Any CPU.ActiveCfg = Release|Any CPU
		{9348642A-0FB1-4959-A07D-AB5AAA9CAE05}.Release|Any CPU.Build.0 = Release|Any CPU
		{9348642A-0FB1-4959-A07D-AB5AAA9CAE05}.Release|Mixed Platforms.ActiveCfg = Release|Any CPU
		{9348642A-0FB1-4959-A07D-AB5AAA9CAE05}.Release|Mixed Platforms.Build.0 = Release|Any CPU
		{9348642A-0FB1-4959-A07D-AB5AAA9CAE05}.Release|x86.ActiveCfg = Release|Any CPU
		{A406C80E-FE44-4EB7-AEF3-CBCF15B02B46}.Debug|Any CPU.ActiveCfg = Debug|Any CPU
		{A406C80E-FE44-4EB7-AEF3-CBCF15B02B46}.Debug|Any CPU.Build.0 = Debug|Any CPU
		{A406C80E-FE44-4EB7-AEF3-CBCF15B02B46}.Debug|Mixed Platforms.ActiveCfg = Debug|Any CPU
		{A406C80E-FE44-4EB7-AEF3-CBCF15B02B46}.Debug|Mixed Platforms.Build.0 = Debug|Any CPU
		{A406C80E-FE44-4EB7-AEF3-CBCF15B02B46}.Debug|x86.ActiveCfg = Debug|Any CPU
		{A406C80E-FE44-4EB7-AEF3-CBCF15B02B46}.Release|Any CPU.ActiveCfg = Release|Any CPU
		{A406C80E-FE44-4EB7-AEF3-CBCF15B02B46}.Release|Any CPU.Build.0 = Release|Any CPU
		{A406C80E-FE44-4EB7-AEF3-CBCF15B02B46}.Release|Mixed Platforms.ActiveCfg = Release|Any CPU
		{A406C80E-FE44-4EB7-AEF3-CBCF15B02B46}.Release|Mixed Platforms.Build.0 = Release|Any CPU
		{A406C80E-FE44-4EB7-AEF3-CBCF15B02B46}.Release|x86.ActiveCfg = Release|Any CPU
		{C63476C7-2B33-4AD5-8896-A0BA86F16FC5}.Debug|Any CPU.ActiveCfg = Debug|x86
		{C63476C7-2B33-4AD5-8896-A0BA86F16FC5}.Debug|Mixed Platforms.ActiveCfg = Debug|x86
		{C63476C7-2B33-4AD5-8896-A0BA86F16FC5}.Debug|Mixed Platforms.Build.0 = Debug|x86
		{C63476C7-2B33-4AD5-8896-A0BA86F16FC5}.Debug|x86.ActiveCfg = Debug|x86
		{C63476C7-2B33-4AD5-8896-A0BA86F16FC5}.Debug|x86.Build.0 = Debug|x86
		{C63476C7-2B33-4AD5-8896-A0BA86F16FC5}.Release|Any CPU.ActiveCfg = Release|x86
		{C63476C7-2B33-4AD5-8896-A0BA86F16FC5}.Release|Mixed Platforms.ActiveCfg = Release|x86
		{C63476C7-2B33-4AD5-8896-A0BA86F16FC5}.Release|Mixed Platforms.Build.0 = Release|x86
		{C63476C7-2B33-4AD5-8896-A0BA86F16FC5}.Release|x86.ActiveCfg = Release|x86
		{C63476C7-2B33-4AD5-8896-A0BA86F16FC5}.Release|x86.Build.0 = Release|x86
	EndGlobalSection
	GlobalSection(SolutionProperties) = preSolution
		HideSolutionNode = FALSE
	EndGlobalSection
	GlobalSection(SubversionScc) = preSolution
		Svn-Managed = True
		Manager = AnkhSVN - Subversion Support for Visual Studio
	EndGlobalSection
EndGlobal
